
Microsoft Visual Studio Solution File, Format Version 12.00
# Visual Studio Version 17
VisualStudioVersion = 17.6.33723.286
MinimumVisualStudioVersion = 10.0.40219.1
Project("{9A19103F-16F7-4668-BE54-9A1E7A4F7556}") = "Task_22", "Task_22.csproj", "{91EF196E-F392-4D17-8285-6DA3D0504F69}"
EndProject
Project("{2150E333-8FDC-42A3-9474-1A3956D46DE8}") = "Solution Items", "Solution Items", "{275110E0-7DEC-4565-9DC6-4D9F3E5C3152}"
	ProjectSection(SolutionItems) = preProject
		.editorconfig = .editorconfig
	EndProjectSection
EndProject
Global
	GlobalSection(SolutionConfigurationPlatforms) = preSolution
		Debug|Any CPU = Debug|Any CPU
		Release|Any CPU = Release|Any CPU
	EndGlobalSection
	GlobalSection(ProjectConfigurationPlatforms) = postSolution
		{91EF196E-F392-4D17-8285-6DA3D0504F69}.Debug|Any CPU.ActiveCfg = Debug|Any CPU
		{91EF196E-F392-4D17-8285-6DA3D0504F69}.Debug|Any CPU.Build.0 = Debug|Any CPU
		{91EF196E-F392-4D17-8285-6DA3D0504F69}.Release|Any CPU.ActiveCfg = Release|Any CPU
		{91EF196E-F392-4D17-8285-6DA3D0504F69}.Release|Any CPU.Build.0 = Release|Any CPU
	EndGlobalSection
	GlobalSection(SolutionProperties) = preSolution
		HideSolutionNode = FALSE
	EndGlobalSection
	GlobalSection(ExtensibilityGlobals) = postSolution
		SolutionGuid = {2E768A24-ACB8-4FE4-9662-1F0BD5DD3156}
	EndGlobalSection
EndGlobal
