
Microsoft Visual Studio Solution File, Format Version 12.00
# Visual Studio Version 17
VisualStudioVersion = 17.7.34009.444
MinimumVisualStudioVersion = 10.0.40219.1
Project("{FAE04EC0-301F-11D3-BF4B-00C04F79EFBC}") = "Web_Task_22", "Web_Task_22.csproj", "{5F04E163-1909-4643-A724-FCB1A7E49293}"
EndProject
Global
	GlobalSection(SolutionConfigurationPlatforms) = preSolution
		Debug|Any CPU = Debug|Any CPU
		Release|Any CPU = Release|Any CPU
	EndGlobalSection
	GlobalSection(ProjectConfigurationPlatforms) = postSolution
		{5F04E163-1909-4643-A724-FCB1A7E49293}.Debug|Any CPU.ActiveCfg = Debug|Any CPU
		{5F04E163-1909-4643-A724-FCB1A7E49293}.Debug|Any CPU.Build.0 = Debug|Any CPU
		{5F04E163-1909-4643-A724-FCB1A7E49293}.Release|Any CPU.ActiveCfg = Release|Any CPU
		{5F04E163-1909-4643-A724-FCB1A7E49293}.Release|Any CPU.Build.0 = Release|Any CPU
	EndGlobalSection
	GlobalSection(SolutionProperties) = preSolution
		HideSolutionNode = FALSE
	EndGlobalSection
	GlobalSection(ExtensibilityGlobals) = postSolution
		SolutionGuid = {9823A222-13DF-4124-8E13-39EE157E2952}
	EndGlobalSection
EndGlobal
